
Microsoft Visual Studio Solution File, Format Version 12.00
# Visual Studio Version 16
VisualStudioVersion = 16.0.29519.181
MinimumVisualStudioVersion = 10.0.40219.1
Project("{FAE04EC0-301F-11D3-BF4B-00C04F79EFBC}") = "RestApp", "RestApp\RestApp.csproj", "{44AAD8C1-A1EE-489E-891F-CFB9907AA9FF}"
EndProject
Global
	GlobalSection(SolutionConfigurationPlatforms) = preSolution
		Debug|Any CPU = Debug|Any CPU
		Release|Any CPU = Release|Any CPU
	EndGlobalSection
	GlobalSection(ProjectConfigurationPlatforms) = postSolution
		{44AAD8C1-A1EE-489E-891F-CFB9907AA9FF}.Debug|Any CPU.ActiveCfg = Debug|Any CPU
		{44AAD8C1-A1EE-489E-891F-CFB9907AA9FF}.Debug|Any CPU.Build.0 = Debug|Any CPU
		{44AAD8C1-A1EE-489E-891F-CFB9907AA9FF}.Release|Any CPU.ActiveCfg = Release|Any CPU
		{44AAD8C1-A1EE-489E-891F-CFB9907AA9FF}.Release|Any CPU.Build.0 = Release|Any CPU
	EndGlobalSection
	GlobalSection(SolutionProperties) = preSolution
		HideSolutionNode = FALSE
	EndGlobalSection
	GlobalSection(ExtensibilityGlobals) = postSolution
		SolutionGuid = {BED6D6FA-657A-46CC-8B27-ACC8E401D222}
	EndGlobalSection
EndGlobal
